
Microsoft Visual Studio Solution File, Format Version 12.00
# Visual Studio Version 17
VisualStudioVersion = 17.9.34723.18
MinimumVisualStudioVersion = 10.0.40219.1
Project("{9A19103F-16F7-4668-BE54-9A1E7A4F7556}") = "portfolioapi", "portfolioapi.csproj", "{1A693988-4E65-4F19-AB91-677363FF8B31}"
EndProject
Global
	GlobalSection(SolutionConfigurationPlatforms) = preSolution
		Debug|Any CPU = Debug|Any CPU
		Release|Any CPU = Release|Any CPU
	EndGlobalSection
	GlobalSection(ProjectConfigurationPlatforms) = postSolution
		{1A693988-4E65-4F19-AB91-677363FF8B31}.Debug|Any CPU.ActiveCfg = Debug|Any CPU
		{1A693988-4E65-4F19-AB91-677363FF8B31}.Debug|Any CPU.Build.0 = Debug|Any CPU
		{1A693988-4E65-4F19-AB91-677363FF8B31}.Release|Any CPU.ActiveCfg = Release|Any CPU
		{1A693988-4E65-4F19-AB91-677363FF8B31}.Release|Any CPU.Build.0 = Release|Any CPU
	EndGlobalSection
	GlobalSection(SolutionProperties) = preSolution
		HideSolutionNode = FALSE
	EndGlobalSection
	GlobalSection(ExtensibilityGlobals) = postSolution
		SolutionGuid = {868E73C2-6822-41BE-A860-846AB8978BA8}
	EndGlobalSection
EndGlobal
